// !$*UTF8*$!
{
	archiveVersion = 1;
	classes = {
	};
	objectVersion = 50;
	objects = {

/* Begin PBXBuildFile section */
		D6115AC522060E7900294A25 /* ScoreView.swift in Sources */ = {isa = PBXBuildFile; fileRef = D6115AC422060E7900294A25 /* ScoreView.swift */; };
		D6163A52219847F5007C0A88 /* AppDelegate.swift in Sources */ = {isa = PBXBuildFile; fileRef = D6163A51219847F5007C0A88 /* AppDelegate.swift */; };
		D6163A54219847F5007C0A88 /* ViewController.swift in Sources */ = {isa = PBXBuildFile; fileRef = D6163A53219847F5007C0A88 /* ViewController.swift */; };
		D6163A57219847F5007C0A88 /* Main.storyboard in Resources */ = {isa = PBXBuildFile; fileRef = D6163A55219847F5007C0A88 /* Main.storyboard */; };
		D6163A59219847F8007C0A88 /* Assets.xcassets in Resources */ = {isa = PBXBuildFile; fileRef = D6163A58219847F8007C0A88 /* Assets.xcassets */; };
		D6163A5C219847F8007C0A88 /* LaunchScreen.storyboard in Resources */ = {isa = PBXBuildFile; fileRef = D6163A5A219847F8007C0A88 /* LaunchScreen.storyboard */; };
		D62676982199B28A0040C87E /* GameView.swift in Sources */ = {isa = PBXBuildFile; fileRef = D62676972199B28A0040C87E /* GameView.swift */; };
		D626769A2199BAC80040C87E /* Asteroid.swift in Sources */ = {isa = PBXBuildFile; fileRef = D62676992199BAC80040C87E /* Asteroid.swift */; };
		D67DD4D821A99CD7007A7569 /* Difficulty.swift in Sources */ = {isa = PBXBuildFile; fileRef = D67DD4D721A99CD7007A7569 /* Difficulty.swift */; };
		D6E3039121A85D3C0002CAD5 /* PrefView.swift in Sources */ = {isa = PBXBuildFile; fileRef = D6E3039021A85D3C0002CAD5 /* PrefView.swift */; };
/* End PBXBuildFile section */

/* Begin PBXFileReference section */
		D6115AC422060E7900294A25 /* ScoreView.swift */ = {isa = PBXFileReference; lastKnownFileType = sourcecode.swift; path = ScoreView.swift; sourceTree = "<group>"; };
		D6163A4E219847F5007C0A88 /* Asteroids.app */ = {isa = PBXFileReference; explicitFileType = wrapper.application; includeInIndex = 0; path = Asteroids.app; sourceTree = BUILT_PRODUCTS_DIR; };
		D6163A51219847F5007C0A88 /* AppDelegate.swift */ = {isa = PBXFileReference; lastKnownFileType = sourcecode.swift; path = AppDelegate.swift; sourceTree = "<group>"; };
		D6163A53219847F5007C0A88 /* ViewController.swift */ = {isa = PBXFileReference; lastKnownFileType = sourcecode.swift; path = ViewController.swift; sourceTree = "<group>"; };
		D6163A56219847F5007C0A88 /* Base */ = {isa = PBXFileReference; lastKnownFileType = file.storyboard; name = Base; path = Base.lproj/Main.storyboard; sourceTree = "<group>"; };
		D6163A58219847F8007C0A88 /* Assets.xcassets */ = {isa = PBXFileReference; lastKnownFileType = folder.assetcatalog; path = Assets.xcassets; sourceTree = "<group>"; };
		D6163A5B219847F8007C0A88 /* Base */ = {isa = PBXFileReference; lastKnownFileType = file.storyboard; name = Base; path = Base.lproj/LaunchScreen.storyboard; sourceTree = "<group>"; };
		D6163A5D219847F8007C0A88 /* Info.plist */ = {isa = PBXFileReference; lastKnownFileType = text.plist.xml; path = Info.plist; sourceTree = "<group>"; };
		D62676972199B28A0040C87E /* GameView.swift */ = {isa = PBXFileReference; lastKnownFileType = sourcecode.swift; path = GameView.swift; sourceTree = "<group>"; };
		D62676992199BAC80040C87E /* Asteroid.swift */ = {isa = PBXFileReference; lastKnownFileType = sourcecode.swift; path = Asteroid.swift; sourceTree = "<group>"; };
		D67DD4D721A99CD7007A7569 /* Difficulty.swift */ = {isa = PBXFileReference; lastKnownFileType = sourcecode.swift; path = Difficulty.swift; sourceTree = "<group>"; };
		D6E3039021A85D3C0002CAD5 /* PrefView.swift */ = {isa = PBXFileReference; lastKnownFileType = sourcecode.swift; path = PrefView.swift; sourceTree = "<group>"; };
/* End PBXFileReference section */

/* Begin PBXFrameworksBuildPhase section */
		D6163A4B219847F5007C0A88 /* Frameworks */ = {
			isa = PBXFrameworksBuildPhase;
			buildActionMask = 2147483647;
			files = (
			);
			runOnlyForDeploymentPostprocessing = 0;
		};
/* End PBXFrameworksBuildPhase section */

/* Begin PBXGroup section */
		D6163A45219847F5007C0A88 = {
			isa = PBXGroup;
			children = (
				D6163A50219847F5007C0A88 /* Asteroids */,
				D6163A4F219847F5007C0A88 /* Products */,
			);
			sourceTree = "<group>";
		};
		D6163A4F219847F5007C0A88 /* Products */ = {
			isa = PBXGroup;
			children = (
				D6163A4E219847F5007C0A88 /* Asteroids.app */,
			);
			name = Products;
			sourceTree = "<group>";
		};
		D6163A50219847F5007C0A88 /* Asteroids */ = {
			isa = PBXGroup;
			children = (
				D6163A51219847F5007C0A88 /* AppDelegate.swift */,
				D62676992199BAC80040C87E /* Asteroid.swift */,
				D67DD4D721A99CD7007A7569 /* Difficulty.swift */,
				D6E3039021A85D3C0002CAD5 /* PrefView.swift */,
				D62676972199B28A0040C87E /* GameView.swift */,
				D6163A53219847F5007C0A88 /* ViewController.swift */,
				D6115AC422060E7900294A25 /* ScoreView.swift */,
				D6163A55219847F5007C0A88 /* Main.storyboard */,
				D6163A58219847F8007C0A88 /* Assets.xcassets */,
				D6163A5A219847F8007C0A88 /* LaunchScreen.storyboard */,
				D6163A5D219847F8007C0A88 /* Info.plist */,
			);
			path = Asteroids;
			sourceTree = "<group>";
		};
/* End PBXGroup section */

/* Begin PBXNativeTarget section */
		D6163A4D219847F5007C0A88 /* Asteroids */ = {
			isa = PBXNativeTarget;
			buildConfigurationList = D6163A60219847F8007C0A88 /* Build configuration list for PBXNativeTarget "Asteroids" */;
			buildPhases = (
				D6163A4A219847F5007C0A88 /* Sources */,
				D6163A4B219847F5007C0A88 /* Frameworks */,
				D6163A4C219847F5007C0A88 /* Resources */,
			);
			buildRules = (
			);
			dependencies = (
			);
			name = Asteroids;
			productName = Asteroids;
			productReference = D6163A4E219847F5007C0A88 /* Asteroids.app */;
			productType = "com.apple.product-type.application";
		};
/* End PBXNativeTarget section */

/* Begin PBXProject section */
		D6163A46219847F5007C0A88 /* Project object */ = {
			isa = PBXProject;
			attributes = {
				LastSwiftUpdateCheck = 1010;
				LastUpgradeCheck = 1010;
				ORGANIZATIONNAME = "Robin Blottière--Mayo";
				TargetAttributes = {
					D6163A4D219847F5007C0A88 = {
						CreatedOnToolsVersion = 10.1;
					};
				};
			};
			buildConfigurationList = D6163A49219847F5007C0A88 /* Build configuration list for PBXProject "Asteroids" */;
			compatibilityVersion = "Xcode 9.3";
			developmentRegion = en;
			hasScannedForEncodings = 0;
			knownRegions = (
				en,
				Base,
			);
			mainGroup = D6163A45219847F5007C0A88;
			productRefGroup = D6163A4F219847F5007C0A88 /* Products */;
			projectDirPath = "";
			projectRoot = "";
			targets = (
				D6163A4D219847F5007C0A88 /* Asteroids */,
			);
		};
/* End PBXProject section */

/* Begin PBXResourcesBuildPhase section */
		D6163A4C219847F5007C0A88 /* Resources */ = {
			isa = PBXResourcesBuildPhase;
			buildActionMask = 2147483647;
			files = (
				D6163A5C219847F8007C0A88 /* LaunchScreen.storyboard in Resources */,
				D6163A59219847F8007C0A88 /* Assets.xcassets in Resources */,
				D6163A57219847F5007C0A88 /* Main.storyboard in Resources */,
			);
			runOnlyForDeploymentPostprocessing = 0;
		};
/* End PBXResourcesBuildPhase section */

/* Begin PBXSourcesBuildPhase section */
		D6163A4A219847F5007C0A88 /* Sources */ = {
			isa = PBXSourcesBuildPhase;
			buildActionMask = 2147483647;
			files = (
				D6163A54219847F5007C0A88 /* ViewController.swift in Sources */,
				D67DD4D821A99CD7007A7569 /* Difficulty.swift in Sources */,
				D62676982199B28A0040C87E /* GameView.swift in Sources */,
				D6163A52219847F5007C0A88 /* AppDelegate.swift in Sources */,
				D6115AC522060E7900294A25 /* ScoreView.swift in Sources */,
				D626769A2199BAC80040C87E /* Asteroid.swift in Sources */,
				D6E3039121A85D3C0002CAD5 /* PrefView.swift in Sources */,
			);
			runOnlyForDeploymentPostprocessing = 0;
		};
/* End PBXSourcesBuildPhase section */

/* Begin PBXVariantGroup section */
		D6163A55219847F5007C0A88 /* Main.storyboard */ = {
			isa = PBXVariantGroup;
			children = (
				D6163A56219847F5007C0A88 /* Base */,
			);
			name = Main.storyboard;
			sourceTree = "<group>";
		};
		D6163A5A219847F8007C0A88 /* LaunchScreen.storyboard */ = {
			isa = PBXVariantGroup;
			children = (
				D6163A5B219847F8007C0A88 /* Base */,
			);
			name = LaunchScreen.storyboard;
			sourceTree = "<group>";
		};
/* End PBXVariantGroup section */

/* Begin XCBuildConfiguration section */
		D6163A5E219847F8007C0A88 /* Debug */ = {
			isa = XCBuildConfiguration;
			buildSettings = {
				ALWAYS_SEARCH_USER_PATHS = NO;
				CLANG_ANALYZER_NONNULL = YES;
				CLANG_ANALYZER_NUMBER_OBJECT_CONVERSION = YES_AGGRESSIVE;
				CLANG_CXX_LANGUAGE_STANDARD = "gnu++14";
				CLANG_CXX_LIBRARY = "libc++";
				CLANG_ENABLE_MODULES = YES;
				CLANG_ENABLE_OBJC_ARC = YES;
				CLANG_ENABLE_OBJC_WEAK = YES;
				CLANG_WARN_BLOCK_CAPTURE_AUTORELEASING = YES;
				CLANG_WARN_BOOL_CONVERSION = YES;
				CLANG_WARN_COMMA = YES;
				CLANG_WARN_CONSTANT_CONVERSION = YES;
				CLANG_WARN_DEPRECATED_OBJC_IMPLEMENTATIONS = YES;
				CLANG_WARN_DIRECT_OBJC_ISA_USAGE = YES_ERROR;
				CLANG_WARN_DOCUMENTATION_COMMENTS = YES;
				CLANG_WARN_EMPTY_BODY = YES;
				CLANG_WARN_ENUM_CONVERSION = YES;
				CLANG_WARN_INFINITE_RECURSION = YES;
				CLANG_WARN_INT_CONVERSION = YES;
				CLANG_WARN_NON_LITERAL_NULL_CONVERSION = YES;
				CLANG_WARN_OBJC_IMPLICIT_RETAIN_SELF = YES;
				CLANG_WARN_OBJC_LITERAL_CONVERSION = YES;
				CLANG_WARN_OBJC_ROOT_CLASS = YES_ERROR;
				CLANG_WARN_RANGE_LOOP_ANALYSIS = YES;
				CLANG_WARN_STRICT_PROTOTYPES = YES;
				CLANG_WARN_SUSPICIOUS_MOVE = YES;
				CLANG_WARN_UNGUARDED_AVAILABILITY = YES_AGGRESSIVE;
				CLANG_WARN_UNREACHABLE_CODE = YES;
				CLANG_WARN__DUPLICATE_METHOD_MATCH = YES;
				CODE_SIGN_IDENTITY = "iPhone Developer";
				COPY_PHASE_STRIP = NO;
				DEBUG_INFORMATION_FORMAT = dwarf;
				ENABLE_STRICT_OBJC_MSGSEND = YES;
				ENABLE_TESTABILITY = YES;
				GCC_C_LANGUAGE_STANDARD = gnu11;
				GCC_DYNAMIC_NO_PIC = NO;
				GCC_NO_COMMON_BLOCKS = YES;
				GCC_OPTIMIZATION_LEVEL = 0;
				GCC_PREPROCESSOR_DEFINITIONS = (
					"DEBUG=1",
					"$(inherited)",
				);
				GCC_WARN_64_TO_32_BIT_CONVERSION = YES;
				GCC_WARN_ABOUT_RETURN_TYPE = YES_ERROR;
				GCC_WARN_UNDECLARED_SELECTOR = YES;
				GCC_WARN_UNINITIALIZED_AUTOS = YES_AGGRESSIVE;
				GCC_WARN_UNUSED_FUNCTION = YES;
				GCC_WARN_UNUSED_VARIABLE = YES;
				IPHONEOS_DEPLOYMENT_TARGET = 12.1;
				MTL_ENABLE_DEBUG_INFO = INCLUDE_SOURCE;
				MTL_FAST_MATH = YES;
				ONLY_ACTIVE_ARCH = YES;
				SDKROOT = iphoneos;
				SWIFT_ACTIVE_COMPILATION_CONDITIONS = DEBUG;
				SWIFT_OPTIMIZATION_LEVEL = "-Onone";
			};
			name = Debug;
		};
		D6163A5F219847F8007C0A88 /* Release */ = {
			isa = XCBuildConfiguration;
			buildSettings = {
				ALWAYS_SEARCH_USER_PATHS = NO;
				CLANG_ANALYZER_NONNULL = YES;
				CLANG_ANALYZER_NUMBER_OBJECT_CONVERSION = YES_AGGRESSIVE;
				CLANG_CXX_LANGUAGE_STANDARD = "gnu++14";
				CLANG_CXX_LIBRARY = "libc++";
				CLANG_ENABLE_MODULES = YES;
				CLANG_ENABLE_OBJC_ARC = YES;
				CLANG_ENABLE_OBJC_WEAK = YES;
				CLANG_WARN_BLOCK_CAPTURE_AUTORELEASING = YES;
				CLANG_WARN_BOOL_CONVERSION = YES;
				CLANG_WARN_COMMA = YES;
				CLANG_WARN_CONSTANT_CONVERSION = YES;
				CLANG_WARN_DEPRECATED_OBJC_IMPLEMENTATIONS = YES;
				CLANG_WARN_DIRECT_OBJC_ISA_USAGE = YES_ERROR;
				CLANG_WARN_DOCUMENTATION_COMMENTS = YES;
				CLANG_WARN_EMPTY_BODY = YES;
				CLANG_WARN_ENUM_CONVERSION = YES;
				CLANG_WARN_INFINITE_RECURSION = YES;
				CLANG_WARN_INT_CONVERSION = YES;
				CLANG_WARN_NON_LITERAL_NULL_CONVERSION = YES;
				CLANG_WARN_OBJC_IMPLICIT_RETAIN_SELF = YES;
				CLANG_WARN_OBJC_LITERAL_CONVERSION = YES;
				CLANG_WARN_OBJC_ROOT_CLASS = YES_ERROR;
				CLANG_WARN_RANGE_LOOP_ANALYSIS = YES;
				CLANG_WARN_STRICT_PROTOTYPES = YES;
				CLANG_WARN_SUSPICIOUS_MOVE = YES;
				CLANG_WARN_UNGUARDED_AVAILABILITY = YES_AGGRESSIVE;
				CLANG_WARN_UNREACHABLE_CODE = YES;
				CLANG_WARN__DUPLICATE_METHOD_MATCH = YES;
				CODE_SIGN_IDENTITY = "iPhone Developer";
				COPY_PHASE_STRIP = NO;
				DEBUG_INFORMATION_FORMAT = "dwarf-with-dsym";
				ENABLE_NS_ASSERTIONS = NO;
				ENABLE_STRICT_OBJC_MSGSEND = YES;
				GCC_C_LANGUAGE_STANDARD = gnu11;
				GCC_NO_COMMON_BLOCKS = YES;
				GCC_WARN_64_TO_32_BIT_CONVERSION = YES;
				GCC_WARN_ABOUT_RETURN_TYPE = YES_ERROR;
				GCC_WARN_UNDECLARED_SELECTOR = YES;
				GCC_WARN_UNINITIALIZED_AUTOS = YES_AGGRESSIVE;
				GCC_WARN_UNUSED_FUNCTION = YES;
				GCC_WARN_UNUSED_VARIABLE = YES;
				IPHONEOS_DEPLOYMENT_TARGET = 12.1;
				MTL_ENABLE_DEBUG_INFO = NO;
				MTL_FAST_MATH = YES;
				SDKROOT = iphoneos;
				SWIFT_COMPILATION_MODE = wholemodule;
				SWIFT_OPTIMIZATION_LEVEL = "-O";
				VALIDATE_PRODUCT = YES;
			};
			name = Release;
		};
		D6163A61219847F8007C0A88 /* Debug */ = {
			isa = XCBuildConfiguration;
			buildSettings = {
				ASSETCATALOG_COMPILER_APPICON_NAME = AppIcon;
				CODE_SIGN_STYLE = Automatic;
				DEVELOPMENT_TEAM = 8X57QZ3R6U;
				INFOPLIST_FILE = Asteroids/Info.plist;
				IPHONEOS_DEPLOYMENT_TARGET = 11.0;
				LD_RUNPATH_SEARCH_PATHS = (
					"$(inherited)",
					"@executable_path/Frameworks",
				);
				PRODUCT_BUNDLE_IDENTIFIER = rob.Asteroids;
				PRODUCT_NAME = "$(TARGET_NAME)";
				SWIFT_VERSION = 4.0;
				TARGETED_DEVICE_FAMILY = "1,2";
			};
			name = Debug;
		};
		D6163A62219847F8007C0A88 /* Release */ = {
			isa = XCBuildConfiguration;
			buildSettings = {
				ASSETCATALOG_COMPILER_APPICON_NAME = AppIcon;
				CODE_SIGN_STYLE = Automatic;
				DEVELOPMENT_TEAM = 8X57QZ3R6U;
				INFOPLIST_FILE = Asteroids/Info.plist;
				IPHONEOS_DEPLOYMENT_TARGET = 11.0;
				LD_RUNPATH_SEARCH_PATHS = (
					"$(inherited)",
					"@executable_path/Frameworks",
				);
				PRODUCT_BUNDLE_IDENTIFIER = rob.Asteroids;
				PRODUCT_NAME = "$(TARGET_NAME)";
				SWIFT_VERSION = 4.0;
				TARGETED_DEVICE_FAMILY = "1,2";
			};
			name = Release;
		};
/* End XCBuildConfiguration section */

/* Begin XCConfigurationList section */
		D6163A49219847F5007C0A88 /* Build configuration list for PBXProject "Asteroids" */ = {
			isa = XCConfigurationList;
			buildConfigurations = (
				D6163A5E219847F8007C0A88 /* Debug */,
				D6163A5F219847F8007C0A88 /* Release */,
			);
			defaultConfigurationIsVisible = 0;
			defaultConfigurationName = Release;
		};
		D6163A60219847F8007C0A88 /* Build configuration list for PBXNativeTarget "Asteroids" */ = {
			isa = XCConfigurationList;
			buildConfigurations = (
				D6163A61219847F8007C0A88 /* Debug */,
				D6163A62219847F8007C0A88 /* Release */,
			);
			defaultConfigurationIsVisible = 0;
			defaultConfigurationName = Release;
		};
/* End XCConfigurationList section */
	};
	rootObject = D6163A46219847F5007C0A88 /* Project object */;
}
